
Microsoft Visual Studio Solution File, Format Version 12.00
# Visual Studio Version 17
VisualStudioVersion = 17.5.002.0
MinimumVisualStudioVersion = 10.0.40219.1
Project("{2150E333-8FDC-42A3-9474-1A3956D46DE8}") = "Tests", "Tests", "{6BAB2FBF-65D6-4B36-8AE1-1235A0814AAF}"
EndProject
Project("{9A19103F-16F7-4668-BE54-9A1E7A4F7556}") = "AVS.SpotifyMusic.Tests", "Tests\AVS.SpotifyMusic.Tests\AVS.SpotifyMusic.Tests.csproj", "{390670CA-1B41-4F7B-BF46-D829954FDA87}"
EndProject
Project("{2150E333-8FDC-42A3-9474-1A3956D46DE8}") = "src", "src", "{97EA36FC-87FA-476B-8EE3-7A1391097734}"
EndProject
Project("{2150E333-8FDC-42A3-9474-1A3956D46DE8}") = "Applications", "Applications", "{6863376C-092F-4464-8BDF-95289F769E76}"
EndProject
Project("{9A19103F-16F7-4668-BE54-9A1E7A4F7556}") = "AVS.SpotifyMusic.Application", "src\Applications\AVS.SpotifyMusic.Application\AVS.SpotifyMusic.Application.csproj", "{26A8EFB2-5EBD-40E6-BAA4-9740BEECA718}"
EndProject
Project("{2150E333-8FDC-42A3-9474-1A3956D46DE8}") = "Domain", "Domain", "{D107B051-DF13-4E05-AA9E-895A8810521F}"
EndProject
Project("{9A19103F-16F7-4668-BE54-9A1E7A4F7556}") = "AVS.SpotifyMusic.Domain", "src\Domain\AVS.SpotifyMusic.Domain\AVS.SpotifyMusic.Domain.csproj", "{D398D65A-4F91-43EC-BB88-2EEF42902AD6}"
EndProject
Project("{2150E333-8FDC-42A3-9474-1A3956D46DE8}") = "Services", "Services", "{1671474A-AE9A-4D34-8A44-6053A2B3E455}"
EndProject
Project("{9A19103F-16F7-4668-BE54-9A1E7A4F7556}") = "AVS.SpotifyMusic.Api", "src\Services\AVS.SpotifyMusic.Api\AVS.SpotifyMusic.Api.csproj", "{0B210FA4-9E0A-4D3C-9DD7-A5775CC4C770}"
EndProject
Project("{2150E333-8FDC-42A3-9474-1A3956D46DE8}") = "Infra", "Infra", "{C4FA4F17-C722-404C-BE42-4ED86F8530CB}"
EndProject
Project("{2150E333-8FDC-42A3-9474-1A3956D46DE8}") = "Data", "Data", "{AFA8C875-D34C-4922-81ED-B2B2017A6C9B}"
EndProject
Project("{9A19103F-16F7-4668-BE54-9A1E7A4F7556}") = "AVS.SpotifyMusic.Infra.Data", "src\Infra\Data\AVS.SpotifyMusic.Infra.Data\AVS.SpotifyMusic.Infra.Data.csproj", "{B5913ECA-A3C9-4987-A4AA-91A4938F3A9D}"
EndProject
Project("{9A19103F-16F7-4668-BE54-9A1E7A4F7556}") = "AVS.SpotifyMusic.Infra.Data.Migration.Runtime", "src\Infra\Data\AVS.SpotifyMusic.Infra.Data.Migration.Runtime\AVS.SpotifyMusic.Infra.Data.Migration.Runtime.csproj", "{BE0A4EC3-DC85-45B7-822C-AABF03A7FA0A}"
EndProject
Global
	GlobalSection(SolutionConfigurationPlatforms) = preSolution
		Debug|Any CPU = Debug|Any CPU
		Release|Any CPU = Release|Any CPU
	EndGlobalSection
	GlobalSection(ProjectConfigurationPlatforms) = postSolution
		{390670CA-1B41-4F7B-BF46-D829954FDA87}.Debug|Any CPU.ActiveCfg = Debug|Any CPU
		{390670CA-1B41-4F7B-BF46-D829954FDA87}.Debug|Any CPU.Build.0 = Debug|Any CPU
		{390670CA-1B41-4F7B-BF46-D829954FDA87}.Release|Any CPU.ActiveCfg = Release|Any CPU
		{390670CA-1B41-4F7B-BF46-D829954FDA87}.Release|Any CPU.Build.0 = Release|Any CPU
		{26A8EFB2-5EBD-40E6-BAA4-9740BEECA718}.Debug|Any CPU.ActiveCfg = Debug|Any CPU
		{26A8EFB2-5EBD-40E6-BAA4-9740BEECA718}.Debug|Any CPU.Build.0 = Debug|Any CPU
		{26A8EFB2-5EBD-40E6-BAA4-9740BEECA718}.Release|Any CPU.ActiveCfg = Release|Any CPU
		{26A8EFB2-5EBD-40E6-BAA4-9740BEECA718}.Release|Any CPU.Build.0 = Release|Any CPU
		{D398D65A-4F91-43EC-BB88-2EEF42902AD6}.Debug|Any CPU.ActiveCfg = Debug|Any CPU
		{D398D65A-4F91-43EC-BB88-2EEF42902AD6}.Debug|Any CPU.Build.0 = Debug|Any CPU
		{D398D65A-4F91-43EC-BB88-2EEF42902AD6}.Release|Any CPU.ActiveCfg = Release|Any CPU
		{D398D65A-4F91-43EC-BB88-2EEF42902AD6}.Release|Any CPU.Build.0 = Release|Any CPU
		{0B210FA4-9E0A-4D3C-9DD7-A5775CC4C770}.Debug|Any CPU.ActiveCfg = Debug|Any CPU
		{0B210FA4-9E0A-4D3C-9DD7-A5775CC4C770}.Debug|Any CPU.Build.0 = Debug|Any CPU
		{0B210FA4-9E0A-4D3C-9DD7-A5775CC4C770}.Release|Any CPU.ActiveCfg = Release|Any CPU
		{0B210FA4-9E0A-4D3C-9DD7-A5775CC4C770}.Release|Any CPU.Build.0 = Release|Any CPU
		{B5913ECA-A3C9-4987-A4AA-91A4938F3A9D}.Debug|Any CPU.ActiveCfg = Debug|Any CPU
		{B5913ECA-A3C9-4987-A4AA-91A4938F3A9D}.Debug|Any CPU.Build.0 = Debug|Any CPU
		{B5913ECA-A3C9-4987-A4AA-91A4938F3A9D}.Release|Any CPU.ActiveCfg = Release|Any CPU
		{B5913ECA-A3C9-4987-A4AA-91A4938F3A9D}.Release|Any CPU.Build.0 = Release|Any CPU
		{BE0A4EC3-DC85-45B7-822C-AABF03A7FA0A}.Debug|Any CPU.ActiveCfg = Debug|Any CPU
		{BE0A4EC3-DC85-45B7-822C-AABF03A7FA0A}.Debug|Any CPU.Build.0 = Debug|Any CPU
		{BE0A4EC3-DC85-45B7-822C-AABF03A7FA0A}.Release|Any CPU.ActiveCfg = Release|Any CPU
		{BE0A4EC3-DC85-45B7-822C-AABF03A7FA0A}.Release|Any CPU.Build.0 = Release|Any CPU
	EndGlobalSection
	GlobalSection(SolutionProperties) = preSolution
		HideSolutionNode = FALSE
	EndGlobalSection
	GlobalSection(NestedProjects) = preSolution
		{390670CA-1B41-4F7B-BF46-D829954FDA87} = {6BAB2FBF-65D6-4B36-8AE1-1235A0814AAF}
		{6863376C-092F-4464-8BDF-95289F769E76} = {97EA36FC-87FA-476B-8EE3-7A1391097734}
		{26A8EFB2-5EBD-40E6-BAA4-9740BEECA718} = {6863376C-092F-4464-8BDF-95289F769E76}
		{D107B051-DF13-4E05-AA9E-895A8810521F} = {97EA36FC-87FA-476B-8EE3-7A1391097734}
		{D398D65A-4F91-43EC-BB88-2EEF42902AD6} = {D107B051-DF13-4E05-AA9E-895A8810521F}
		{1671474A-AE9A-4D34-8A44-6053A2B3E455} = {97EA36FC-87FA-476B-8EE3-7A1391097734}
		{0B210FA4-9E0A-4D3C-9DD7-A5775CC4C770} = {1671474A-AE9A-4D34-8A44-6053A2B3E455}
		{C4FA4F17-C722-404C-BE42-4ED86F8530CB} = {97EA36FC-87FA-476B-8EE3-7A1391097734}
		{AFA8C875-D34C-4922-81ED-B2B2017A6C9B} = {C4FA4F17-C722-404C-BE42-4ED86F8530CB}
		{B5913ECA-A3C9-4987-A4AA-91A4938F3A9D} = {AFA8C875-D34C-4922-81ED-B2B2017A6C9B}
		{BE0A4EC3-DC85-45B7-822C-AABF03A7FA0A} = {AFA8C875-D34C-4922-81ED-B2B2017A6C9B}
	EndGlobalSection
	GlobalSection(ExtensibilityGlobals) = postSolution
		SolutionGuid = {53012209-0B40-4451-BEBC-05CA4FF8CA5C}
	EndGlobalSection
EndGlobal
