
Microsoft Visual Studio Solution File, Format Version 12.00
# Visual Studio Version 17
VisualStudioVersion = 17.8.34316.72
MinimumVisualStudioVersion = 10.0.40219.1
Project("{2150E333-8FDC-42A3-9474-1A3956D46DE8}") = "1.UI", "1.UI", "{6187D39E-F1B5-453F-A804-07472963EFB0}"
EndProject
Project("{2150E333-8FDC-42A3-9474-1A3956D46DE8}") = "3.Services", "3.Services", "{9C872D59-908A-4726-8CE9-7348D8386963}"
EndProject
Project("{2150E333-8FDC-42A3-9474-1A3956D46DE8}") = "4.Domain", "4.Domain", "{352A8D8C-6C49-4943-B6AD-6383471EA3B6}"
EndProject
Project("{2150E333-8FDC-42A3-9474-1A3956D46DE8}") = "5.Infra", "5.Infra", "{96D47BD6-B846-4E13-A059-78F0B52F7A1B}"
EndProject
Project("{2150E333-8FDC-42A3-9474-1A3956D46DE8}") = "6.Tests", "6.Tests", "{2A56E817-D014-4E9C-B764-2618069E0A73}"
EndProject
Project("{9A19103F-16F7-4668-BE54-9A1E7A4F7556}") = "AVS.SpotifyMusic.Domain", "src\Domain\AVS.SpotifyMusic.Domain\AVS.SpotifyMusic.Domain.csproj", "{216580F8-AE1E-40D6-BA11-1764C20BB555}"
EndProject
Project("{9A19103F-16F7-4668-BE54-9A1E7A4F7556}") = "AVS.SpotifyMusic.Tests", "Tests\AVS.SpotifyMusic.Tests\AVS.SpotifyMusic.Tests.csproj", "{243568D5-3BBA-4091-BB28-87D674D16602}"
EndProject
Project("{2150E333-8FDC-42A3-9474-1A3956D46DE8}") = "Solution Items", "Solution Items", "{2DF45635-80E9-45CB-B8C8-9C8ADD117B14}"
	ProjectSection(SolutionItems) = preProject
		.editorconfig = .editorconfig
	EndProjectSection
EndProject
Project("{2150E333-8FDC-42A3-9474-1A3956D46DE8}") = "Data", "Data", "{8AC07B55-EE92-4290-A035-80F237815B3C}"
EndProject
Project("{9A19103F-16F7-4668-BE54-9A1E7A4F7556}") = "AVS.SpotifyMusic.Infra.Data", "src\Infra\Data\AVS.SpotifyMusic.Infra.Data\AVS.SpotifyMusic.Infra.Data.csproj", "{6B98BB7C-E38B-48CF-94F0-002733E50A40}"
EndProject
Project("{FAE04EC0-301F-11D3-BF4B-00C04F79EFBC}") = "AVS.SpotifyMusic.Infra.Data.Migration.Runtime", "src\Infra\Data\AVS.SpotifyMusic.Infra.Data.Migration.Runtime\AVS.SpotifyMusic.Infra.Data.Migration.Runtime.csproj", "{CE0AE531-624A-439F-8A8F-BE2A20452512}"
EndProject
Project("{2150E333-8FDC-42A3-9474-1A3956D46DE8}") = "2.Application", "2.Application", "{9C3946EF-F2C9-46C9-B5F2-527C45DBB079}"
EndProject
Project("{9A19103F-16F7-4668-BE54-9A1E7A4F7556}") = "AVS.SpotifyMusic.Application", "src\Applications\AVS.SpotifyMusic.Application\AVS.SpotifyMusic.Application.csproj", "{9BB60BBD-4362-4436-BB94-459E8045A50B}"
EndProject
Project("{9A19103F-16F7-4668-BE54-9A1E7A4F7556}") = "AVS.SpotifyMusic.Api", "src\Services\AVS.SpotifyMusic.Api\AVS.SpotifyMusic.Api.csproj", "{F90D1895-2383-4199-82D8-CC7B49C357CE}"
EndProject
Project("{2150E333-8FDC-42A3-9474-1A3956D46DE8}") = "Web", "Web", "{F67A7264-80E6-490B-AE80-98CC6C8F4B7B}"
EndProject
Project("{2150E333-8FDC-42A3-9474-1A3956D46DE8}") = "SPA", "SPA", "{04996AA3-3B63-4F17-A789-96E799C72BE2}"
EndProject
Global
	GlobalSection(SolutionConfigurationPlatforms) = preSolution
		Debug|Any CPU = Debug|Any CPU
		Release|Any CPU = Release|Any CPU
	EndGlobalSection
	GlobalSection(ProjectConfigurationPlatforms) = postSolution
		{216580F8-AE1E-40D6-BA11-1764C20BB555}.Debug|Any CPU.ActiveCfg = Debug|Any CPU
		{216580F8-AE1E-40D6-BA11-1764C20BB555}.Debug|Any CPU.Build.0 = Debug|Any CPU
		{216580F8-AE1E-40D6-BA11-1764C20BB555}.Release|Any CPU.ActiveCfg = Release|Any CPU
		{216580F8-AE1E-40D6-BA11-1764C20BB555}.Release|Any CPU.Build.0 = Release|Any CPU
		{243568D5-3BBA-4091-BB28-87D674D16602}.Debug|Any CPU.ActiveCfg = Debug|Any CPU
		{243568D5-3BBA-4091-BB28-87D674D16602}.Debug|Any CPU.Build.0 = Debug|Any CPU
		{243568D5-3BBA-4091-BB28-87D674D16602}.Release|Any CPU.ActiveCfg = Release|Any CPU
		{243568D5-3BBA-4091-BB28-87D674D16602}.Release|Any CPU.Build.0 = Release|Any CPU
		{6B98BB7C-E38B-48CF-94F0-002733E50A40}.Debug|Any CPU.ActiveCfg = Debug|Any CPU
		{6B98BB7C-E38B-48CF-94F0-002733E50A40}.Debug|Any CPU.Build.0 = Debug|Any CPU
		{6B98BB7C-E38B-48CF-94F0-002733E50A40}.Release|Any CPU.ActiveCfg = Release|Any CPU
		{6B98BB7C-E38B-48CF-94F0-002733E50A40}.Release|Any CPU.Build.0 = Release|Any CPU
		{CE0AE531-624A-439F-8A8F-BE2A20452512}.Debug|Any CPU.ActiveCfg = Debug|Any CPU
		{CE0AE531-624A-439F-8A8F-BE2A20452512}.Debug|Any CPU.Build.0 = Debug|Any CPU
		{CE0AE531-624A-439F-8A8F-BE2A20452512}.Release|Any CPU.ActiveCfg = Release|Any CPU
		{CE0AE531-624A-439F-8A8F-BE2A20452512}.Release|Any CPU.Build.0 = Release|Any CPU
		{9BB60BBD-4362-4436-BB94-459E8045A50B}.Debug|Any CPU.ActiveCfg = Debug|Any CPU
		{9BB60BBD-4362-4436-BB94-459E8045A50B}.Debug|Any CPU.Build.0 = Debug|Any CPU
		{9BB60BBD-4362-4436-BB94-459E8045A50B}.Release|Any CPU.ActiveCfg = Release|Any CPU
		{9BB60BBD-4362-4436-BB94-459E8045A50B}.Release|Any CPU.Build.0 = Release|Any CPU
		{F90D1895-2383-4199-82D8-CC7B49C357CE}.Debug|Any CPU.ActiveCfg = Debug|Any CPU
		{F90D1895-2383-4199-82D8-CC7B49C357CE}.Debug|Any CPU.Build.0 = Debug|Any CPU
		{F90D1895-2383-4199-82D8-CC7B49C357CE}.Release|Any CPU.ActiveCfg = Release|Any CPU
		{F90D1895-2383-4199-82D8-CC7B49C357CE}.Release|Any CPU.Build.0 = Release|Any CPU
	EndGlobalSection
	GlobalSection(SolutionProperties) = preSolution
		HideSolutionNode = FALSE
	EndGlobalSection
	GlobalSection(NestedProjects) = preSolution
		{216580F8-AE1E-40D6-BA11-1764C20BB555} = {352A8D8C-6C49-4943-B6AD-6383471EA3B6}
		{243568D5-3BBA-4091-BB28-87D674D16602} = {2A56E817-D014-4E9C-B764-2618069E0A73}
		{8AC07B55-EE92-4290-A035-80F237815B3C} = {96D47BD6-B846-4E13-A059-78F0B52F7A1B}
		{6B98BB7C-E38B-48CF-94F0-002733E50A40} = {8AC07B55-EE92-4290-A035-80F237815B3C}
		{CE0AE531-624A-439F-8A8F-BE2A20452512} = {8AC07B55-EE92-4290-A035-80F237815B3C}
		{9BB60BBD-4362-4436-BB94-459E8045A50B} = {9C3946EF-F2C9-46C9-B5F2-527C45DBB079}
		{F90D1895-2383-4199-82D8-CC7B49C357CE} = {9C872D59-908A-4726-8CE9-7348D8386963}
		{F67A7264-80E6-490B-AE80-98CC6C8F4B7B} = {6187D39E-F1B5-453F-A804-07472963EFB0}
		{04996AA3-3B63-4F17-A789-96E799C72BE2} = {F67A7264-80E6-490B-AE80-98CC6C8F4B7B}
	EndGlobalSection
	GlobalSection(ExtensibilityGlobals) = postSolution
		SolutionGuid = {0FBCE949-A6D7-457A-96C0-C1228FD7F6B6}
	EndGlobalSection
EndGlobal
