
Microsoft Visual Studio Solution File, Format Version 12.00
# Visual Studio Version 17
VisualStudioVersion = 17.5.002.0
MinimumVisualStudioVersion = 10.0.40219.1
Project("{2150E333-8FDC-42A3-9474-1A3956D46DE8}") = "Tests", "Tests", "{C4F84BA0-5AF4-48A4-89AD-CF81AAB95FF3}"
EndProject
Project("{9A19103F-16F7-4668-BE54-9A1E7A4F7556}") = "AVS.SpotifyMusic.Tests", "Tests\AVS.SpotifyMusic.Tests\AVS.SpotifyMusic.Tests.csproj", "{C2DDD475-F6A3-406D-94F5-92F5EB3C8AE1}"
EndProject
Project("{2150E333-8FDC-42A3-9474-1A3956D46DE8}") = "src", "src", "{632BFB8C-C99A-44F6-B2C3-7FA8496138BF}"
EndProject
Project("{2150E333-8FDC-42A3-9474-1A3956D46DE8}") = "Applications", "Applications", "{B4CDC994-0BAA-4890-BECB-FEB4C42F54EE}"
EndProject
Project("{9A19103F-16F7-4668-BE54-9A1E7A4F7556}") = "AVS.SpotifyMusic.Application", "src\Applications\AVS.SpotifyMusic.Application\AVS.SpotifyMusic.Application.csproj", "{E9444530-D457-4E07-B371-49359B6AB1EB}"
EndProject
Project("{2150E333-8FDC-42A3-9474-1A3956D46DE8}") = "Domain", "Domain", "{C322E274-06BA-4F6F-89D1-D049CFFC3E25}"
EndProject
Project("{9A19103F-16F7-4668-BE54-9A1E7A4F7556}") = "AVS.SpotifyMusic.Domain", "src\Domain\AVS.SpotifyMusic.Domain\AVS.SpotifyMusic.Domain.csproj", "{9ED05E52-113A-465E-8E67-7878E2E87A12}"
EndProject
Project("{2150E333-8FDC-42A3-9474-1A3956D46DE8}") = "Services", "Services", "{A86B7216-94B9-4C11-AE66-C7027287403E}"
EndProject
Project("{9A19103F-16F7-4668-BE54-9A1E7A4F7556}") = "AVS.SpotifyMusic.Api", "src\Services\AVS.SpotifyMusic.Api\AVS.SpotifyMusic.Api.csproj", "{C8B4C15D-10EC-46D2-A649-4B6FD8E82935}"
EndProject
Project("{2150E333-8FDC-42A3-9474-1A3956D46DE8}") = "Infra", "Infra", "{1D190626-94AD-4293-A62C-A200C2E16AA8}"
EndProject
Project("{2150E333-8FDC-42A3-9474-1A3956D46DE8}") = "Data", "Data", "{6835DC73-7866-441F-A12B-051D2D57FB5C}"
EndProject
Project("{9A19103F-16F7-4668-BE54-9A1E7A4F7556}") = "AVS.SpotifyMusic.Infra.Data", "src\Infra\Data\AVS.SpotifyMusic.Infra.Data\AVS.SpotifyMusic.Infra.Data.csproj", "{B0B50BAA-E24F-494B-8C46-A0D3FCFE5208}"
EndProject
Project("{9A19103F-16F7-4668-BE54-9A1E7A4F7556}") = "AVS.SpotifyMusic.Infra.Data.Migration.Runtime", "src\Infra\Data\AVS.SpotifyMusic.Infra.Data.Migration.Runtime\AVS.SpotifyMusic.Infra.Data.Migration.Runtime.csproj", "{7B6D9A49-3E3D-4B6F-B900-8FA0C2ED8BF2}"
EndProject
Global
	GlobalSection(SolutionConfigurationPlatforms) = preSolution
		Debug|Any CPU = Debug|Any CPU
		Release|Any CPU = Release|Any CPU
	EndGlobalSection
	GlobalSection(ProjectConfigurationPlatforms) = postSolution
		{C2DDD475-F6A3-406D-94F5-92F5EB3C8AE1}.Debug|Any CPU.ActiveCfg = Debug|Any CPU
		{C2DDD475-F6A3-406D-94F5-92F5EB3C8AE1}.Debug|Any CPU.Build.0 = Debug|Any CPU
		{C2DDD475-F6A3-406D-94F5-92F5EB3C8AE1}.Release|Any CPU.ActiveCfg = Release|Any CPU
		{C2DDD475-F6A3-406D-94F5-92F5EB3C8AE1}.Release|Any CPU.Build.0 = Release|Any CPU
		{E9444530-D457-4E07-B371-49359B6AB1EB}.Debug|Any CPU.ActiveCfg = Debug|Any CPU
		{E9444530-D457-4E07-B371-49359B6AB1EB}.Debug|Any CPU.Build.0 = Debug|Any CPU
		{E9444530-D457-4E07-B371-49359B6AB1EB}.Release|Any CPU.ActiveCfg = Release|Any CPU
		{E9444530-D457-4E07-B371-49359B6AB1EB}.Release|Any CPU.Build.0 = Release|Any CPU
		{9ED05E52-113A-465E-8E67-7878E2E87A12}.Debug|Any CPU.ActiveCfg = Debug|Any CPU
		{9ED05E52-113A-465E-8E67-7878E2E87A12}.Debug|Any CPU.Build.0 = Debug|Any CPU
		{9ED05E52-113A-465E-8E67-7878E2E87A12}.Release|Any CPU.ActiveCfg = Release|Any CPU
		{9ED05E52-113A-465E-8E67-7878E2E87A12}.Release|Any CPU.Build.0 = Release|Any CPU
		{C8B4C15D-10EC-46D2-A649-4B6FD8E82935}.Debug|Any CPU.ActiveCfg = Debug|Any CPU
		{C8B4C15D-10EC-46D2-A649-4B6FD8E82935}.Debug|Any CPU.Build.0 = Debug|Any CPU
		{C8B4C15D-10EC-46D2-A649-4B6FD8E82935}.Release|Any CPU.ActiveCfg = Release|Any CPU
		{C8B4C15D-10EC-46D2-A649-4B6FD8E82935}.Release|Any CPU.Build.0 = Release|Any CPU
		{B0B50BAA-E24F-494B-8C46-A0D3FCFE5208}.Debug|Any CPU.ActiveCfg = Debug|Any CPU
		{B0B50BAA-E24F-494B-8C46-A0D3FCFE5208}.Debug|Any CPU.Build.0 = Debug|Any CPU
		{B0B50BAA-E24F-494B-8C46-A0D3FCFE5208}.Release|Any CPU.ActiveCfg = Release|Any CPU
		{B0B50BAA-E24F-494B-8C46-A0D3FCFE5208}.Release|Any CPU.Build.0 = Release|Any CPU
		{7B6D9A49-3E3D-4B6F-B900-8FA0C2ED8BF2}.Debug|Any CPU.ActiveCfg = Debug|Any CPU
		{7B6D9A49-3E3D-4B6F-B900-8FA0C2ED8BF2}.Debug|Any CPU.Build.0 = Debug|Any CPU
		{7B6D9A49-3E3D-4B6F-B900-8FA0C2ED8BF2}.Release|Any CPU.ActiveCfg = Release|Any CPU
		{7B6D9A49-3E3D-4B6F-B900-8FA0C2ED8BF2}.Release|Any CPU.Build.0 = Release|Any CPU
	EndGlobalSection
	GlobalSection(SolutionProperties) = preSolution
		HideSolutionNode = FALSE
	EndGlobalSection
	GlobalSection(NestedProjects) = preSolution
		{C2DDD475-F6A3-406D-94F5-92F5EB3C8AE1} = {C4F84BA0-5AF4-48A4-89AD-CF81AAB95FF3}
		{B4CDC994-0BAA-4890-BECB-FEB4C42F54EE} = {632BFB8C-C99A-44F6-B2C3-7FA8496138BF}
		{E9444530-D457-4E07-B371-49359B6AB1EB} = {B4CDC994-0BAA-4890-BECB-FEB4C42F54EE}
		{C322E274-06BA-4F6F-89D1-D049CFFC3E25} = {632BFB8C-C99A-44F6-B2C3-7FA8496138BF}
		{9ED05E52-113A-465E-8E67-7878E2E87A12} = {C322E274-06BA-4F6F-89D1-D049CFFC3E25}
		{A86B7216-94B9-4C11-AE66-C7027287403E} = {632BFB8C-C99A-44F6-B2C3-7FA8496138BF}
		{C8B4C15D-10EC-46D2-A649-4B6FD8E82935} = {A86B7216-94B9-4C11-AE66-C7027287403E}
		{1D190626-94AD-4293-A62C-A200C2E16AA8} = {632BFB8C-C99A-44F6-B2C3-7FA8496138BF}
		{6835DC73-7866-441F-A12B-051D2D57FB5C} = {1D190626-94AD-4293-A62C-A200C2E16AA8}
		{B0B50BAA-E24F-494B-8C46-A0D3FCFE5208} = {6835DC73-7866-441F-A12B-051D2D57FB5C}
		{7B6D9A49-3E3D-4B6F-B900-8FA0C2ED8BF2} = {6835DC73-7866-441F-A12B-051D2D57FB5C}
	EndGlobalSection
	GlobalSection(ExtensibilityGlobals) = postSolution
		SolutionGuid = {DC0E76F0-3FF6-4AC0-9F11-F4117FF5D9AD}
	EndGlobalSection
EndGlobal
